// !$*UTF8*$!
{
	archiveVersion = 1;
	classes = {
	};
	objectVersion = 46;
	objects = {

/* Begin PBXBuildFile section */
		37523DC67015972D2D9618E5 /* Pods_project_showcase.framework in Frameworks */ = {isa = PBXBuildFile; fileRef = C4A51B7E0AFA530D077F8660 /* Pods_project_showcase.framework */; };
		843C408C1D5FFF4C00B40D26 /* AppDelegate.swift in Sources */ = {isa = PBXBuildFile; fileRef = 843C408B1D5FFF4C00B40D26 /* AppDelegate.swift */; };
		843C408E1D5FFF4C00B40D26 /* ViewController.swift in Sources */ = {isa = PBXBuildFile; fileRef = 843C408D1D5FFF4C00B40D26 /* ViewController.swift */; };
		843C40911D5FFF4C00B40D26 /* Main.storyboard in Resources */ = {isa = PBXBuildFile; fileRef = 843C408F1D5FFF4C00B40D26 /* Main.storyboard */; };
		843C40931D5FFF4C00B40D26 /* Assets.xcassets in Resources */ = {isa = PBXBuildFile; fileRef = 843C40921D5FFF4C00B40D26 /* Assets.xcassets */; };
		843C40961D5FFF4C00B40D26 /* LaunchScreen.storyboard in Resources */ = {isa = PBXBuildFile; fileRef = 843C40941D5FFF4C00B40D26 /* LaunchScreen.storyboard */; };
		843C40A51D6000C300B40D26 /* NotoSans-Bold.ttf in Resources */ = {isa = PBXBuildFile; fileRef = 843C40A11D6000C300B40D26 /* NotoSans-Bold.ttf */; };
		843C40A61D6000C300B40D26 /* NotoSans-BoldItalic.ttf in Resources */ = {isa = PBXBuildFile; fileRef = 843C40A21D6000C300B40D26 /* NotoSans-BoldItalic.ttf */; };
		843C40A71D6000C300B40D26 /* NotoSans-Italic.ttf in Resources */ = {isa = PBXBuildFile; fileRef = 843C40A31D6000C300B40D26 /* NotoSans-Italic.ttf */; };
		843C40A81D6000C300B40D26 /* NotoSans-Regular.ttf in Resources */ = {isa = PBXBuildFile; fileRef = 843C40A41D6000C300B40D26 /* NotoSans-Regular.ttf */; };
		843C40AA1D6005A200B40D26 /* MaterialView.swift in Sources */ = {isa = PBXBuildFile; fileRef = 843C40A91D6005A200B40D26 /* MaterialView.swift */; };
		843C40AD1D6005F400B40D26 /* Constants.swift in Sources */ = {isa = PBXBuildFile; fileRef = 843C40AC1D6005F400B40D26 /* Constants.swift */; };
		843C40AF1D6008DC00B40D26 /* MaterialButton.swift in Sources */ = {isa = PBXBuildFile; fileRef = 843C40AE1D6008DC00B40D26 /* MaterialButton.swift */; };
		843C40B11D600B3000B40D26 /* MaterialTextField.swift in Sources */ = {isa = PBXBuildFile; fileRef = 843C40B01D600B3000B40D26 /* MaterialTextField.swift */; };
		84981E031D60252B0002750E /* Bolts.framework in Frameworks */ = {isa = PBXBuildFile; fileRef = 84981E001D60252B0002750E /* Bolts.framework */; };
		84981E041D60252B0002750E /* FBSDKCoreKit.framework in Frameworks */ = {isa = PBXBuildFile; fileRef = 84981E011D60252B0002750E /* FBSDKCoreKit.framework */; };
		84981E051D60252B0002750E /* FBSDKLoginKit.framework in Frameworks */ = {isa = PBXBuildFile; fileRef = 84981E021D60252B0002750E /* FBSDKLoginKit.framework */; };
/* End PBXBuildFile section */

/* Begin PBXFileReference section */
		843C40881D5FFF4C00B40D26 /* project-showcase.app */ = {isa = PBXFileReference; explicitFileType = wrapper.application; includeInIndex = 0; path = "project-showcase.app"; sourceTree = BUILT_PRODUCTS_DIR; };
		843C408B1D5FFF4C00B40D26 /* AppDelegate.swift */ = {isa = PBXFileReference; lastKnownFileType = sourcecode.swift; path = AppDelegate.swift; sourceTree = "<group>"; };
		843C408D1D5FFF4C00B40D26 /* ViewController.swift */ = {isa = PBXFileReference; lastKnownFileType = sourcecode.swift; path = ViewController.swift; sourceTree = "<group>"; };
		843C40901D5FFF4C00B40D26 /* Base */ = {isa = PBXFileReference; lastKnownFileType = file.storyboard; name = Base; path = Base.lproj/Main.storyboard; sourceTree = "<group>"; };
		843C40921D5FFF4C00B40D26 /* Assets.xcassets */ = {isa = PBXFileReference; lastKnownFileType = folder.assetcatalog; path = Assets.xcassets; sourceTree = "<group>"; };
		843C40951D5FFF4C00B40D26 /* Base */ = {isa = PBXFileReference; lastKnownFileType = file.storyboard; name = Base; path = Base.lproj/LaunchScreen.storyboard; sourceTree = "<group>"; };
		843C40971D5FFF4C00B40D26 /* Info.plist */ = {isa = PBXFileReference; lastKnownFileType = text.plist.xml; path = Info.plist; sourceTree = "<group>"; };
		843C40A11D6000C300B40D26 /* NotoSans-Bold.ttf */ = {isa = PBXFileReference; lastKnownFileType = file; path = "NotoSans-Bold.ttf"; sourceTree = "<group>"; };
		843C40A21D6000C300B40D26 /* NotoSans-BoldItalic.ttf */ = {isa = PBXFileReference; lastKnownFileType = file; path = "NotoSans-BoldItalic.ttf"; sourceTree = "<group>"; };
		843C40A31D6000C300B40D26 /* NotoSans-Italic.ttf */ = {isa = PBXFileReference; lastKnownFileType = file; path = "NotoSans-Italic.ttf"; sourceTree = "<group>"; };
		843C40A41D6000C300B40D26 /* NotoSans-Regular.ttf */ = {isa = PBXFileReference; lastKnownFileType = file; path = "NotoSans-Regular.ttf"; sourceTree = "<group>"; };
		843C40A91D6005A200B40D26 /* MaterialView.swift */ = {isa = PBXFileReference; fileEncoding = 4; lastKnownFileType = sourcecode.swift; path = MaterialView.swift; sourceTree = "<group>"; };
		843C40AC1D6005F400B40D26 /* Constants.swift */ = {isa = PBXFileReference; fileEncoding = 4; lastKnownFileType = sourcecode.swift; path = Constants.swift; sourceTree = "<group>"; };
		843C40AE1D6008DC00B40D26 /* MaterialButton.swift */ = {isa = PBXFileReference; fileEncoding = 4; lastKnownFileType = sourcecode.swift; path = MaterialButton.swift; sourceTree = "<group>"; };
		843C40B01D600B3000B40D26 /* MaterialTextField.swift */ = {isa = PBXFileReference; fileEncoding = 4; lastKnownFileType = sourcecode.swift; path = MaterialTextField.swift; sourceTree = "<group>"; };
		84981E001D60252B0002750E /* Bolts.framework */ = {isa = PBXFileReference; lastKnownFileType = wrapper.framework; path = Bolts.framework; sourceTree = "<group>"; };
		84981E011D60252B0002750E /* FBSDKCoreKit.framework */ = {isa = PBXFileReference; lastKnownFileType = wrapper.framework; path = FBSDKCoreKit.framework; sourceTree = "<group>"; };
		84981E021D60252B0002750E /* FBSDKLoginKit.framework */ = {isa = PBXFileReference; lastKnownFileType = wrapper.framework; path = FBSDKLoginKit.framework; sourceTree = "<group>"; };
		876FD02B759E0787309AB609 /* Pods-project-showcase.debug.xcconfig */ = {isa = PBXFileReference; includeInIndex = 1; lastKnownFileType = text.xcconfig; name = "Pods-project-showcase.debug.xcconfig"; path = "Pods/Target Support Files/Pods-project-showcase/Pods-project-showcase.debug.xcconfig"; sourceTree = "<group>"; };
		C4A51B7E0AFA530D077F8660 /* Pods_project_showcase.framework */ = {isa = PBXFileReference; explicitFileType = wrapper.framework; includeInIndex = 0; path = Pods_project_showcase.framework; sourceTree = BUILT_PRODUCTS_DIR; };
		E3921D937ED86B0DAECB2A2D /* Pods-project-showcase.release.xcconfig */ = {isa = PBXFileReference; includeInIndex = 1; lastKnownFileType = text.xcconfig; name = "Pods-project-showcase.release.xcconfig"; path = "Pods/Target Support Files/Pods-project-showcase/Pods-project-showcase.release.xcconfig"; sourceTree = "<group>"; };
/* End PBXFileReference section */

/* Begin PBXFrameworksBuildPhase section */
		843C40851D5FFF4C00B40D26 /* Frameworks */ = {
			isa = PBXFrameworksBuildPhase;
			buildActionMask = 2147483647;
			files = (
				84981E031D60252B0002750E /* Bolts.framework in Frameworks */,
				84981E041D60252B0002750E /* FBSDKCoreKit.framework in Frameworks */,
				84981E051D60252B0002750E /* FBSDKLoginKit.framework in Frameworks */,
				37523DC67015972D2D9618E5 /* Pods_project_showcase.framework in Frameworks */,
			);
			runOnlyForDeploymentPostprocessing = 0;
		};
/* End PBXFrameworksBuildPhase section */

/* Begin PBXGroup section */
		4745B6A8B6757E292C243B0F /* Pods */ = {
			isa = PBXGroup;
			children = (
				876FD02B759E0787309AB609 /* Pods-project-showcase.debug.xcconfig */,
				E3921D937ED86B0DAECB2A2D /* Pods-project-showcase.release.xcconfig */,
			);
			name = Pods;
			sourceTree = "<group>";
		};
		843C407F1D5FFF4C00B40D26 = {
			isa = PBXGroup;
			children = (
				843C408A1D5FFF4C00B40D26 /* project-showcase */,
				843C40891D5FFF4C00B40D26 /* Products */,
				4745B6A8B6757E292C243B0F /* Pods */,
				9C27D092A8096E0BC5D4A427 /* Frameworks */,
			);
			sourceTree = "<group>";
		};
		843C40891D5FFF4C00B40D26 /* Products */ = {
			isa = PBXGroup;
			children = (
				843C40881D5FFF4C00B40D26 /* project-showcase.app */,
			);
			name = Products;
			sourceTree = "<group>";
		};
		843C408A1D5FFF4C00B40D26 /* project-showcase */ = {
			isa = PBXGroup;
			children = (
				84981DFF1D6025180002750E /* Frameworks */,
				843C40AB1D6005E800B40D26 /* Utils */,
				843C40A01D6000A100B40D26 /* Resources */,
				843C409F1D60008C00B40D26 /* Model */,
				843C409E1D60008600B40D26 /* View */,
				843C409D1D60008000B40D26 /* Controller */,
				843C408B1D5FFF4C00B40D26 /* AppDelegate.swift */,
				843C408D1D5FFF4C00B40D26 /* ViewController.swift */,
				843C408F1D5FFF4C00B40D26 /* Main.storyboard */,
				843C40921D5FFF4C00B40D26 /* Assets.xcassets */,
				843C40941D5FFF4C00B40D26 /* LaunchScreen.storyboard */,
				843C40971D5FFF4C00B40D26 /* Info.plist */,
			);
			path = "project-showcase";
			sourceTree = "<group>";
		};
		843C409D1D60008000B40D26 /* Controller */ = {
			isa = PBXGroup;
			children = (
			);
			name = Controller;
			sourceTree = "<group>";
		};
		843C409E1D60008600B40D26 /* View */ = {
			isa = PBXGroup;
			children = (
				843C40A91D6005A200B40D26 /* MaterialView.swift */,
				843C40AE1D6008DC00B40D26 /* MaterialButton.swift */,
				843C40B01D600B3000B40D26 /* MaterialTextField.swift */,
			);
			name = View;
			sourceTree = "<group>";
		};
		843C409F1D60008C00B40D26 /* Model */ = {
			isa = PBXGroup;
			children = (
			);
			name = Model;
			sourceTree = "<group>";
		};
		843C40A01D6000A100B40D26 /* Resources */ = {
			isa = PBXGroup;
			children = (
				843C40A11D6000C300B40D26 /* NotoSans-Bold.ttf */,
				843C40A21D6000C300B40D26 /* NotoSans-BoldItalic.ttf */,
				843C40A31D6000C300B40D26 /* NotoSans-Italic.ttf */,
				843C40A41D6000C300B40D26 /* NotoSans-Regular.ttf */,
			);
			name = Resources;
			sourceTree = "<group>";
		};
		843C40AB1D6005E800B40D26 /* Utils */ = {
			isa = PBXGroup;
			children = (
				843C40AC1D6005F400B40D26 /* Constants.swift */,
			);
			name = Utils;
			sourceTree = "<group>";
		};
		84981DFF1D6025180002750E /* Frameworks */ = {
			isa = PBXGroup;
			children = (
				84981E001D60252B0002750E /* Bolts.framework */,
				84981E011D60252B0002750E /* FBSDKCoreKit.framework */,
				84981E021D60252B0002750E /* FBSDKLoginKit.framework */,
			);
			name = Frameworks;
			sourceTree = "<group>";
		};
		9C27D092A8096E0BC5D4A427 /* Frameworks */ = {
			isa = PBXGroup;
			children = (
				C4A51B7E0AFA530D077F8660 /* Pods_project_showcase.framework */,
			);
			name = Frameworks;
			sourceTree = "<group>";
		};
/* End PBXGroup section */

/* Begin PBXNativeTarget section */
		843C40871D5FFF4C00B40D26 /* project-showcase */ = {
			isa = PBXNativeTarget;
			buildConfigurationList = 843C409A1D5FFF4C00B40D26 /* Build configuration list for PBXNativeTarget "project-showcase" */;
			buildPhases = (
				6CA2FF78911DEEAFA725B8F7 /* [CP] Check Pods Manifest.lock */,
				843C40841D5FFF4C00B40D26 /* Sources */,
				843C40851D5FFF4C00B40D26 /* Frameworks */,
				843C40861D5FFF4C00B40D26 /* Resources */,
				A40FFCFA96468D7134A13EF2 /* [CP] Embed Pods Frameworks */,
				B374F69D0BB9F2A5410D146A /* [CP] Copy Pods Resources */,
			);
			buildRules = (
			);
			dependencies = (
			);
			name = "project-showcase";
			productName = "project-showcase";
			productReference = 843C40881D5FFF4C00B40D26 /* project-showcase.app */;
			productType = "com.apple.product-type.application";
		};
/* End PBXNativeTarget section */

/* Begin PBXProject section */
		843C40801D5FFF4C00B40D26 /* Project object */ = {
			isa = PBXProject;
			attributes = {
				LastSwiftUpdateCheck = 0730;
				LastUpgradeCheck = 0730;
				ORGANIZATIONNAME = ajkolean;
				TargetAttributes = {
					843C40871D5FFF4C00B40D26 = {
						CreatedOnToolsVersion = 7.3.1;
					};
				};
			};
			buildConfigurationList = 843C40831D5FFF4C00B40D26 /* Build configuration list for PBXProject "project-showcase" */;
			compatibilityVersion = "Xcode 3.2";
			developmentRegion = English;
			hasScannedForEncodings = 0;
			knownRegions = (
				en,
				Base,
			);
			mainGroup = 843C407F1D5FFF4C00B40D26;
			productRefGroup = 843C40891D5FFF4C00B40D26 /* Products */;
			projectDirPath = "";
			projectRoot = "";
			targets = (
				843C40871D5FFF4C00B40D26 /* project-showcase */,
			);
		};
/* End PBXProject section */

/* Begin PBXResourcesBuildPhase section */
		843C40861D5FFF4C00B40D26 /* Resources */ = {
			isa = PBXResourcesBuildPhase;
			buildActionMask = 2147483647;
			files = (
				843C40A51D6000C300B40D26 /* NotoSans-Bold.ttf in Resources */,
				843C40961D5FFF4C00B40D26 /* LaunchScreen.storyboard in Resources */,
				843C40A61D6000C300B40D26 /* NotoSans-BoldItalic.ttf in Resources */,
				843C40A71D6000C300B40D26 /* NotoSans-Italic.ttf in Resources */,
				843C40931D5FFF4C00B40D26 /* Assets.xcassets in Resources */,
				843C40911D5FFF4C00B40D26 /* Main.storyboard in Resources */,
				843C40A81D6000C300B40D26 /* NotoSans-Regular.ttf in Resources */,
			);
			runOnlyForDeploymentPostprocessing = 0;
		};
/* End PBXResourcesBuildPhase section */

/* Begin PBXShellScriptBuildPhase section */
		6CA2FF78911DEEAFA725B8F7 /* [CP] Check Pods Manifest.lock */ = {
			isa = PBXShellScriptBuildPhase;
			buildActionMask = 2147483647;
			files = (
			);
			inputPaths = (
			);
			name = "[CP] Check Pods Manifest.lock";
			outputPaths = (
			);
			runOnlyForDeploymentPostprocessing = 0;
			shellPath = /bin/sh;
			shellScript = "diff \"${PODS_ROOT}/../Podfile.lock\" \"${PODS_ROOT}/Manifest.lock\" > /dev/null\nif [[ $? != 0 ]] ; then\n    cat << EOM\nerror: The sandbox is not in sync with the Podfile.lock. Run 'pod install' or update your CocoaPods installation.\nEOM\n    exit 1\nfi\n";
			showEnvVarsInLog = 0;
		};
		A40FFCFA96468D7134A13EF2 /* [CP] Embed Pods Frameworks */ = {
			isa = PBXShellScriptBuildPhase;
			buildActionMask = 2147483647;
			files = (
			);
			inputPaths = (
			);
			name = "[CP] Embed Pods Frameworks";
			outputPaths = (
			);
			runOnlyForDeploymentPostprocessing = 0;
			shellPath = /bin/sh;
			shellScript = "\"${SRCROOT}/Pods/Target Support Files/Pods-project-showcase/Pods-project-showcase-frameworks.sh\"\n";
			showEnvVarsInLog = 0;
		};
		B374F69D0BB9F2A5410D146A /* [CP] Copy Pods Resources */ = {
			isa = PBXShellScriptBuildPhase;
			buildActionMask = 2147483647;
			files = (
			);
			inputPaths = (
			);
			name = "[CP] Copy Pods Resources";
			outputPaths = (
			);
			runOnlyForDeploymentPostprocessing = 0;
			shellPath = /bin/sh;
			shellScript = "\"${SRCROOT}/Pods/Target Support Files/Pods-project-showcase/Pods-project-showcase-resources.sh\"\n";
			showEnvVarsInLog = 0;
		};
/* End PBXShellScriptBuildPhase section */

/* Begin PBXSourcesBuildPhase section */
		843C40841D5FFF4C00B40D26 /* Sources */ = {
			isa = PBXSourcesBuildPhase;
			buildActionMask = 2147483647;
			files = (
				843C40B11D600B3000B40D26 /* MaterialTextField.swift in Sources */,
				843C40AA1D6005A200B40D26 /* MaterialView.swift in Sources */,
				843C408E1D5FFF4C00B40D26 /* ViewController.swift in Sources */,
				843C408C1D5FFF4C00B40D26 /* AppDelegate.swift in Sources */,
				843C40AD1D6005F400B40D26 /* Constants.swift in Sources */,
				843C40AF1D6008DC00B40D26 /* MaterialButton.swift in Sources */,
			);
			runOnlyForDeploymentPostprocessing = 0;
		};
/* End PBXSourcesBuildPhase section */

/* Begin PBXVariantGroup section */
		843C408F1D5FFF4C00B40D26 /* Main.storyboard */ = {
			isa = PBXVariantGroup;
			children = (
				843C40901D5FFF4C00B40D26 /* Base */,
			);
			name = Main.storyboard;
			sourceTree = "<group>";
		};
		843C40941D5FFF4C00B40D26 /* LaunchScreen.storyboard */ = {
			isa = PBXVariantGroup;
			children = (
				843C40951D5FFF4C00B40D26 /* Base */,
			);
			name = LaunchScreen.storyboard;
			sourceTree = "<group>";
		};
/* End PBXVariantGroup section */

/* Begin XCBuildConfiguration section */
		843C40981D5FFF4C00B40D26 /* Debug */ = {
			isa = XCBuildConfiguration;
			buildSettings = {
				ALWAYS_SEARCH_USER_PATHS = NO;
				CLANG_ANALYZER_NONNULL = YES;
				CLANG_CXX_LANGUAGE_STANDARD = "gnu++0x";
				CLANG_CXX_LIBRARY = "libc++";
				CLANG_ENABLE_MODULES = YES;
				CLANG_ENABLE_OBJC_ARC = YES;
				CLANG_WARN_BOOL_CONVERSION = YES;
				CLANG_WARN_CONSTANT_CONVERSION = YES;
				CLANG_WARN_DIRECT_OBJC_ISA_USAGE = YES_ERROR;
				CLANG_WARN_EMPTY_BODY = YES;
				CLANG_WARN_ENUM_CONVERSION = YES;
				CLANG_WARN_INT_CONVERSION = YES;
				CLANG_WARN_OBJC_ROOT_CLASS = YES_ERROR;
				CLANG_WARN_UNREACHABLE_CODE = YES;
				CLANG_WARN__DUPLICATE_METHOD_MATCH = YES;
				"CODE_SIGN_IDENTITY[sdk=iphoneos*]" = "iPhone Developer";
				COPY_PHASE_STRIP = NO;
				DEBUG_INFORMATION_FORMAT = dwarf;
				ENABLE_STRICT_OBJC_MSGSEND = YES;
				ENABLE_TESTABILITY = YES;
				GCC_C_LANGUAGE_STANDARD = gnu99;
				GCC_DYNAMIC_NO_PIC = NO;
				GCC_NO_COMMON_BLOCKS = YES;
				GCC_OPTIMIZATION_LEVEL = 0;
				GCC_PREPROCESSOR_DEFINITIONS = (
					"DEBUG=1",
					"$(inherited)",
				);
				GCC_WARN_64_TO_32_BIT_CONVERSION = YES;
				GCC_WARN_ABOUT_RETURN_TYPE = YES_ERROR;
				GCC_WARN_UNDECLARED_SELECTOR = YES;
				GCC_WARN_UNINITIALIZED_AUTOS = YES_AGGRESSIVE;
				GCC_WARN_UNUSED_FUNCTION = YES;
				GCC_WARN_UNUSED_VARIABLE = YES;
				IPHONEOS_DEPLOYMENT_TARGET = 9.3;
				MTL_ENABLE_DEBUG_INFO = YES;
				ONLY_ACTIVE_ARCH = YES;
				SDKROOT = iphoneos;
				SWIFT_OPTIMIZATION_LEVEL = "-Onone";
				TARGETED_DEVICE_FAMILY = "1,2";
			};
			name = Debug;
		};
		843C40991D5FFF4C00B40D26 /* Release */ = {
			isa = XCBuildConfiguration;
			buildSettings = {
				ALWAYS_SEARCH_USER_PATHS = NO;
				CLANG_ANALYZER_NONNULL = YES;
				CLANG_CXX_LANGUAGE_STANDARD = "gnu++0x";
				CLANG_CXX_LIBRARY = "libc++";
				CLANG_ENABLE_MODULES = YES;
				CLANG_ENABLE_OBJC_ARC = YES;
				CLANG_WARN_BOOL_CONVERSION = YES;
				CLANG_WARN_CONSTANT_CONVERSION = YES;
				CLANG_WARN_DIRECT_OBJC_ISA_USAGE = YES_ERROR;
				CLANG_WARN_EMPTY_BODY = YES;
				CLANG_WARN_ENUM_CONVERSION = YES;
				CLANG_WARN_INT_CONVERSION = YES;
				CLANG_WARN_OBJC_ROOT_CLASS = YES_ERROR;
				CLANG_WARN_UNREACHABLE_CODE = YES;
				CLANG_WARN__DUPLICATE_METHOD_MATCH = YES;
				"CODE_SIGN_IDENTITY[sdk=iphoneos*]" = "iPhone Developer";
				COPY_PHASE_STRIP = NO;
				DEBUG_INFORMATION_FORMAT = "dwarf-with-dsym";
				ENABLE_NS_ASSERTIONS = NO;
				ENABLE_STRICT_OBJC_MSGSEND = YES;
				GCC_C_LANGUAGE_STANDARD = gnu99;
				GCC_NO_COMMON_BLOCKS = YES;
				GCC_WARN_64_TO_32_BIT_CONVERSION = YES;
				GCC_WARN_ABOUT_RETURN_TYPE = YES_ERROR;
				GCC_WARN_UNDECLARED_SELECTOR = YES;
				GCC_WARN_UNINITIALIZED_AUTOS = YES_AGGRESSIVE;
				GCC_WARN_UNUSED_FUNCTION = YES;
				GCC_WARN_UNUSED_VARIABLE = YES;
				IPHONEOS_DEPLOYMENT_TARGET = 9.3;
				MTL_ENABLE_DEBUG_INFO = NO;
				SDKROOT = iphoneos;
				TARGETED_DEVICE_FAMILY = "1,2";
				VALIDATE_PRODUCT = YES;
			};
			name = Release;
		};
		843C409B1D5FFF4C00B40D26 /* Debug */ = {
			isa = XCBuildConfiguration;
			baseConfigurationReference = 876FD02B759E0787309AB609 /* Pods-project-showcase.debug.xcconfig */;
			buildSettings = {
				ASSETCATALOG_COMPILER_APPICON_NAME = AppIcon;
				ENABLE_BITCODE = NO;
				FRAMEWORK_SEARCH_PATHS = (
					"$(inherited)",
					"$(PROJECT_DIR)/project-showcase",
				);
				INFOPLIST_FILE = "project-showcase/Info.plist";
				LD_RUNPATH_SEARCH_PATHS = "$(inherited) @executable_path/Frameworks";
				PRODUCT_BUNDLE_IDENTIFIER = "com.ajkolean.project-showcase";
				PRODUCT_NAME = "$(TARGET_NAME)";
			};
			name = Debug;
		};
		843C409C1D5FFF4C00B40D26 /* Release */ = {
			isa = XCBuildConfiguration;
			baseConfigurationReference = E3921D937ED86B0DAECB2A2D /* Pods-project-showcase.release.xcconfig */;
			buildSettings = {
				ASSETCATALOG_COMPILER_APPICON_NAME = AppIcon;
				ENABLE_BITCODE = NO;
				FRAMEWORK_SEARCH_PATHS = (
					"$(inherited)",
					"$(PROJECT_DIR)/project-showcase",
				);
				INFOPLIST_FILE = "project-showcase/Info.plist";
				LD_RUNPATH_SEARCH_PATHS = "$(inherited) @executable_path/Frameworks";
				PRODUCT_BUNDLE_IDENTIFIER = "com.ajkolean.project-showcase";
				PRODUCT_NAME = "$(TARGET_NAME)";
			};
			name = Release;
		};
/* End XCBuildConfiguration section */

/* Begin XCConfigurationList section */
		843C40831D5FFF4C00B40D26 /* Build configuration list for PBXProject "project-showcase" */ = {
			isa = XCConfigurationList;
			buildConfigurations = (
				843C40981D5FFF4C00B40D26 /* Debug */,
				843C40991D5FFF4C00B40D26 /* Release */,
			);
			defaultConfigurationIsVisible = 0;
			defaultConfigurationName = Release;
		};
		843C409A1D5FFF4C00B40D26 /* Build configuration list for PBXNativeTarget "project-showcase" */ = {
			isa = XCConfigurationList;
			buildConfigurations = (
				843C409B1D5FFF4C00B40D26 /* Debug */,
				843C409C1D5FFF4C00B40D26 /* Release */,
			);
			defaultConfigurationIsVisible = 0;
			defaultConfigurationName = Release;
		};
/* End XCConfigurationList section */
	};
	rootObject = 843C40801D5FFF4C00B40D26 /* Project object */;
}
